# This file was autogenerated by Stack.
# You should not edit this file by hand.
# For more information, please see the documentation at:
#   https://docs.haskellstack.org/en/stable/lock_files

packages:
- completed:
    hackage: picologic-0.3.0@sha256:e89ef8a03720c391eefc8a47c6f947a1b7f4a37762393f45923854e696fcb59b,2493
    pantry-tree:
      size: 832
      sha256: 4414188c8f67df4a19db55e3dcf2f86bbab28feebfcb39d41ed02ef41caef473
  original:
    hackage: picologic-0.3.0
snapshots:
- completed:
    size: 537200
    url: https://raw.githubusercontent.com/commercialhaskell/stackage-snapshots/master/lts/9/20.yaml
    sha256: 09915c1686a7b7b8c8d3b77d90892f559ebcd495a159548c0a6507e827f628fb
  original: lts-9.20
